
Microsoft Visual Studio Solution File, Format Version 12.00
# Visual Studio 2013
VisualStudioVersion = 12.0.30723.0
MinimumVisualStudioVersion = 10.0.40219.1
Project("{FAE04EC0-301F-11D3-BF4B-00C04F79EFBC}") = "TONG_2SO", "TONG_2SO\TONG_2SO.csproj", "{031E4DEA-E3D3-49CE-A1E4-B95564C2F84D}"
EndProject
Project("{FAE04EC0-301F-11D3-BF4B-00C04F79EFBC}") = "TINH", "TINH\TINH.csproj", "{3EF53387-8EBD-4671-B9EF-35D4B2D91BB7}"
EndProject
Project("{FAE04EC0-301F-11D3-BF4B-00C04F79EFBC}") = "DOI_INCH", "DOI_INCH\DOI_INCH.csproj", "{9F1CF1E1-7BB1-45B8-82C2-27B43E1E00D9}"
EndProject
Project("{FAE04EC0-301F-11D3-BF4B-00C04F79EFBC}") = "SOSANH_2SO", "SOSANH_2SO\SOSANH_2SO.csproj", "{A9E1A62A-A282-48CE-B92F-BDB2B9330470}"
EndProject
Project("{FAE04EC0-301F-11D3-BF4B-00C04F79EFBC}") = "CMND", "CMND\CMND.csproj", "{921AC93C-3B26-4B8F-B114-99D517BDC94A}"
EndProject
Project("{FAE04EC0-301F-11D3-BF4B-00C04F79EFBC}") = "SOSANH_3SO", "SOSANH_3SO\SOSANH_3SO.csproj", "{51D26C3E-1C70-43FA-BFC6-F8827B4A30B4}"
EndProject
Project("{FAE04EC0-301F-11D3-BF4B-00C04F79EFBC}") = "DOI_CHUOI", "DOI_CHUOI\DOI_CHUOI.csproj", "{19CC007F-A723-49D5-94EF-D12B2E557281}"
EndProject
Project("{FAE04EC0-301F-11D3-BF4B-00C04F79EFBC}") = "CAT_XOA_CHUOI", "CAT_XOA_CHUOI\CAT_XOA_CHUOI.csproj", "{7FC668CC-8056-4B1C-BFBC-85569778B1FF}"
EndProject
Project("{FAE04EC0-301F-11D3-BF4B-00C04F79EFBC}") = "TAO_MATRAN", "TAO_MATRAN\TAO_MATRAN.csproj", "{C34AC242-A2BD-4184-8145-8D17A7FC4AA5}"
EndProject
Project("{FAE04EC0-301F-11D3-BF4B-00C04F79EFBC}") = "TEN_TUOI_LUONG", "TEN_TUOI_LUONG\TEN_TUOI_LUONG.csproj", "{D0A2436D-3A4D-4D89-8C6C-6A3AE6733252}"
EndProject
Project("{FAE04EC0-301F-11D3-BF4B-00C04F79EFBC}") = "MANG_2GT", "MANG_2GT\MANG_2GT.csproj", "{5A6EB034-1ABC-48EB-8DC7-C542D1C32EE4}"
EndProject
Project("{FAE04EC0-301F-11D3-BF4B-00C04F79EFBC}") = "MATRAN_TAMGIAC", "MATRAN_TAMGIAC\MATRAN_TAMGIAC.csproj", "{BD808B1B-4974-4A96-8D68-84F07DEB2EB8}"
EndProject
Project("{FAE04EC0-301F-11D3-BF4B-00C04F79EFBC}") = "SOSANH_TAM", "SOSANH_TAM\SOSANH_TAM.csproj", "{E4C0E36B-D290-4F05-A400-88B83E53DCBF}"
EndProject
Project("{FAE04EC0-301F-11D3-BF4B-00C04F79EFBC}") = "SAPXEP", "SAPXEP\SAPXEP.csproj", "{49F41029-6658-4C5F-B685-BBE2372C0F41}"
EndProject
Project("{FAE04EC0-301F-11D3-BF4B-00C04F79EFBC}") = "HOAN_VI", "HOAN_VI\HOAN_VI.csproj", "{64DEB507-9EAC-4B82-86AC-39DD3E180F31}"
EndProject
Project("{FAE04EC0-301F-11D3-BF4B-00C04F79EFBC}") = "TEN_DTB", "TEN_DTB\TEN_DTB.csproj", "{2C215157-7462-4A00-B902-B4494251436C}"
EndProject
Project("{FAE04EC0-301F-11D3-BF4B-00C04F79EFBC}") = "TONG_TICH_HIEU_THUONG", "TONG_TICH_HIEU_THUONG\TONG_TICH_HIEU_THUONG.csproj", "{4A24830E-DB9D-4E8B-8272-8CB44B4910D7}"
EndProject
Project("{FAE04EC0-301F-11D3-BF4B-00C04F79EFBC}") = "WHILE_DO", "WHILE_DO\WHILE_DO.csproj", "{DF770466-7370-4D4B-BE93-31FF9B9F3FD3}"
EndProject
Project("{FAE04EC0-301F-11D3-BF4B-00C04F79EFBC}") = "CHUOI_HOA_THUONG", "CHUOI_HOA_THUONG\CHUOI_HOA_THUONG.csproj", "{ABB416FA-201E-422C-BAB1-E86A7AFCE50D}"
EndProject
Project("{FAE04EC0-301F-11D3-BF4B-00C04F79EFBC}") = "NGAY_TRONGTUAN", "NGAY_TRONGTUAN\NGAY_TRONGTUAN.csproj", "{09BAC910-67BD-4C6B-8D47-84C1837927EB}"
EndProject
Project("{FAE04EC0-301F-11D3-BF4B-00C04F79EFBC}") = "BIEN_CO_SO", "BIEN_CO_SO\BIEN_CO_SO.csproj", "{D47F5CBA-ED34-4733-AD01-C3B564BFFB93}"
EndProject
Project("{FAE04EC0-301F-11D3-BF4B-00C04F79EFBC}") = "MANG_1_CHIEU", "MANG_1_CHIEU\MANG_1_CHIEU.csproj", "{48307063-9F5F-48DA-A733-BD17B2075F6D}"
EndProject
Project("{FAE04EC0-301F-11D3-BF4B-00C04F79EFBC}") = "CAU_TRUC", "CAU_TRUC\CAU_TRUC.csproj", "{AE92CEA1-9262-42E7-BF8D-57B87C527EC4}"
EndProject
Project("{FAE04EC0-301F-11D3-BF4B-00C04F79EFBC}") = "NHAP_XUAT", "NHAP_XUAT\NHAP_XUAT.csproj", "{381A9269-7779-45E3-B188-8CD5F81DE31C}"
EndProject
Project("{FAE04EC0-301F-11D3-BF4B-00C04F79EFBC}") = "KHOANGCACH_2D", "KHOANGCACH_2D\KHOANGCACH_2D.csproj", "{8B6789FA-8522-4846-B925-CE102335426C}"
EndProject
Project("{FAE04EC0-301F-11D3-BF4B-00C04F79EFBC}") = "BIEN_CT", "BIEN_CT\BIEN_CT.csproj", "{AA4EC65B-ACE7-452B-BDF1-CAE6521624AF}"
EndProject
Project("{FAE04EC0-301F-11D3-BF4B-00C04F79EFBC}") = "VD", "VD\VD.csproj", "{B37BC54B-AD67-4459-BECB-6DF25ABB8E48}"
EndProject
Project("{FAE04EC0-301F-11D3-BF4B-00C04F79EFBC}") = "VD1", "VD1\VD1.csproj", "{FB82B231-AB7A-4D3E-8DBD-36C1C6FB932D}"
EndProject
Project("{FAE04EC0-301F-11D3-BF4B-00C04F79EFBC}") = "STUDENT", "STUDENT\STUDENT.csproj", "{5CAA41C8-B2C5-4406-9D32-DA1615442C83}"
EndProject
Project("{FAE04EC0-301F-11D3-BF4B-00C04F79EFBC}") = "LIET_KE_THU_MUC", "ConsoleApplication1\LIET_KE_THU_MUC.csproj", "{B6F14798-A3B1-4BA5-9AB5-D53AA584FA4B}"
EndProject
Project("{FAE04EC0-301F-11D3-BF4B-00C04F79EFBC}") = "VD_3.17_60_BIEN_CUCBO", "VD-GIAO-TRINH\VD_3.17_60_BIEN_CUCBO\VD_3.17_60_BIEN_CUCBO.csproj", "{2ADDF25C-83C4-4C51-A9EB-870795173F8F}"
EndProject
Project("{FAE04EC0-301F-11D3-BF4B-00C04F79EFBC}") = "VD_3_20_63-GOI_HANG_TU_CLASS", "VD_3_20_63-GOI_HANG_TU_CLASS\VD_3_20_63-GOI_HANG_TU_CLASS.csproj", "{FC498ACC-7972-41C9-B7A7-D39F4BE2BB10}"
EndProject
Global
	GlobalSection(TeamFoundationVersionControl) = preSolution
		SccNumberOfProjects = 33
		SccEnterpriseProvider = {4CA58AB2-18FA-4F8D-95D4-32DDF27D184C}
		SccTeamFoundationServer = https://huuhien.visualstudio.com/defaultcollection
		SccLocalPath0 = .
		SccProjectUniqueName1 = CAT_XOA_CHUOI\\CAT_XOA_CHUOI.csproj
		SccProjectName1 = CAT_XOA_CHUOI
		SccLocalPath1 = CAT_XOA_CHUOI
		SccProjectUniqueName2 = CMND\\CMND.csproj
		SccProjectName2 = CMND
		SccLocalPath2 = CMND
		SccProjectUniqueName3 = DOI_CHUOI\\DOI_CHUOI.csproj
		SccProjectName3 = DOI_CHUOI
		SccLocalPath3 = DOI_CHUOI
		SccProjectUniqueName4 = DOI_INCH\\DOI_INCH.csproj
		SccProjectName4 = DOI_INCH
		SccLocalPath4 = DOI_INCH
		SccProjectUniqueName5 = MANG_2GT\\MANG_2GT.csproj
		SccProjectName5 = MANG_2GT
		SccLocalPath5 = MANG_2GT
		SccProjectUniqueName6 = SOSANH_2SO\\SOSANH_2SO.csproj
		SccProjectName6 = SOSANH_2SO
		SccLocalPath6 = SOSANH_2SO
		SccProjectUniqueName7 = SOSANH_3SO\\SOSANH_3SO.csproj
		SccProjectName7 = SOSANH_3SO
		SccLocalPath7 = SOSANH_3SO
		SccProjectUniqueName8 = TAO_MATRAN\\TAO_MATRAN.csproj
		SccProjectName8 = TAO_MATRAN
		SccLocalPath8 = TAO_MATRAN
		SccProjectUniqueName9 = TEN_TUOI_LUONG\\TEN_TUOI_LUONG.csproj
		SccProjectName9 = TEN_TUOI_LUONG
		SccLocalPath9 = TEN_TUOI_LUONG
		SccProjectUniqueName10 = TINH\\TINH.csproj
		SccProjectName10 = TINH
		SccLocalPath10 = TINH
		SccProjectUniqueName11 = TONG_2SO\\TONG_2SO.csproj
		SccProjectName11 = TONG_2SO
		SccLocalPath11 = TONG_2SO
		SccProjectUniqueName12 = MATRAN_TAMGIAC\\MATRAN_TAMGIAC.csproj
		SccProjectName12 = MATRAN_TAMGIAC
		SccLocalPath12 = MATRAN_TAMGIAC
		SccProjectUniqueName13 = SOSANH_TAM\\SOSANH_TAM.csproj
		SccProjectName13 = SOSANH_TAM
		SccLocalPath13 = SOSANH_TAM
		SccProjectUniqueName14 = SAPXEP\\SAPXEP.csproj
		SccProjectName14 = SAPXEP
		SccLocalPath14 = SAPXEP
		SccProjectUniqueName15 = HOAN_VI\\HOAN_VI.csproj
		SccProjectName15 = HOAN_VI
		SccLocalPath15 = HOAN_VI
		SccProjectUniqueName16 = TEN_DTB\\TEN_DTB.csproj
		SccProjectName16 = TEN_DTB
		SccLocalPath16 = TEN_DTB
		SccProjectUniqueName17 = TONG_TICH_HIEU_THUONG\\TONG_TICH_HIEU_THUONG.csproj
		SccProjectName17 = TONG_TICH_HIEU_THUONG
		SccLocalPath17 = TONG_TICH_HIEU_THUONG
		SccProjectUniqueName18 = WHILE_DO\\WHILE_DO.csproj
		SccProjectName18 = WHILE_DO
		SccLocalPath18 = WHILE_DO
		SccProjectUniqueName19 = CHUOI_HOA_THUONG\\CHUOI_HOA_THUONG.csproj
		SccProjectName19 = CHUOI_HOA_THUONG
		SccLocalPath19 = CHUOI_HOA_THUONG
		SccProjectUniqueName20 = NGAY_TRONGTUAN\\NGAY_TRONGTUAN.csproj
		SccProjectName20 = NGAY_TRONGTUAN
		SccLocalPath20 = NGAY_TRONGTUAN
		SccProjectUniqueName21 = BIEN_CO_SO\\BIEN_CO_SO.csproj
		SccProjectName21 = BIEN_CO_SO
		SccLocalPath21 = BIEN_CO_SO
		SccProjectUniqueName22 = MANG_1_CHIEU\\MANG_1_CHIEU.csproj
		SccProjectName22 = MANG_1_CHIEU
		SccLocalPath22 = MANG_1_CHIEU
		SccProjectUniqueName23 = CAU_TRUC\\CAU_TRUC.csproj
		SccProjectName23 = CAU_TRUC
		SccLocalPath23 = CAU_TRUC
		SccProjectUniqueName24 = NHAP_XUAT\\NHAP_XUAT.csproj
		SccProjectName24 = NHAP_XUAT
		SccLocalPath24 = NHAP_XUAT
		SccProjectUniqueName25 = KHOANGCACH_2D\\KHOANGCACH_2D.csproj
		SccProjectName25 = KHOANGCACH_2D
		SccLocalPath25 = KHOANGCACH_2D
		SccProjectUniqueName26 = BIEN_CT\\BIEN_CT.csproj
		SccProjectName26 = BIEN_CT
		SccLocalPath26 = BIEN_CT
		SccProjectUniqueName27 = VD\\VD.csproj
		SccProjectName27 = VD
		SccLocalPath27 = VD
		SccProjectUniqueName28 = VD1\\VD1.csproj
		SccProjectName28 = VD1
		SccLocalPath28 = VD1
		SccProjectUniqueName29 = STUDENT\\STUDENT.csproj
		SccProjectName29 = STUDENT
		SccLocalPath29 = STUDENT
		SccProjectUniqueName30 = ConsoleApplication1\\LIET_KE_THU_MUC.csproj
		SccProjectName30 = ConsoleApplication1
		SccLocalPath30 = ConsoleApplication1
		SccProjectUniqueName31 = VD-GIAO-TRINH\\VD_3.17_60_BIEN_CUCBO\\VD_3.17_60_BIEN_CUCBO.csproj
		SccProjectName31 = VD-GIAO-TRINH/VD_3.17_60_BIEN_CUCBO
		SccLocalPath31 = VD-GIAO-TRINH\\VD_3.17_60_BIEN_CUCBO
		SccProjectUniqueName32 = VD_3_20_63-GOI_HANG_TU_CLASS\\VD_3_20_63-GOI_HANG_TU_CLASS.csproj
		SccProjectName32 = VD_3_20_63-GOI_HANG_TU_CLASS
		SccLocalPath32 = VD_3_20_63-GOI_HANG_TU_CLASS
	EndGlobalSection
	GlobalSection(SolutionConfigurationPlatforms) = preSolution
		Debug|Any CPU = Debug|Any CPU
		Release|Any CPU = Release|Any CPU
	EndGlobalSection
	GlobalSection(ProjectConfigurationPlatforms) = postSolution
		{031E4DEA-E3D3-49CE-A1E4-B95564C2F84D}.Debug|Any CPU.ActiveCfg = Debug|Any CPU
		{031E4DEA-E3D3-49CE-A1E4-B95564C2F84D}.Debug|Any CPU.Build.0 = Debug|Any CPU
		{031E4DEA-E3D3-49CE-A1E4-B95564C2F84D}.Release|Any CPU.ActiveCfg = Release|Any CPU
		{031E4DEA-E3D3-49CE-A1E4-B95564C2F84D}.Release|Any CPU.Build.0 = Release|Any CPU
		{3EF53387-8EBD-4671-B9EF-35D4B2D91BB7}.Debug|Any CPU.ActiveCfg = Debug|Any CPU
		{3EF53387-8EBD-4671-B9EF-35D4B2D91BB7}.Debug|Any CPU.Build.0 = Debug|Any CPU
		{3EF53387-8EBD-4671-B9EF-35D4B2D91BB7}.Release|Any CPU.ActiveCfg = Release|Any CPU
		{3EF53387-8EBD-4671-B9EF-35D4B2D91BB7}.Release|Any CPU.Build.0 = Release|Any CPU
		{9F1CF1E1-7BB1-45B8-82C2-27B43E1E00D9}.Debug|Any CPU.ActiveCfg = Debug|Any CPU
		{9F1CF1E1-7BB1-45B8-82C2-27B43E1E00D9}.Debug|Any CPU.Build.0 = Debug|Any CPU
		{9F1CF1E1-7BB1-45B8-82C2-27B43E1E00D9}.Release|Any CPU.ActiveCfg = Release|Any CPU
		{9F1CF1E1-7BB1-45B8-82C2-27B43E1E00D9}.Release|Any CPU.Build.0 = Release|Any CPU
		{A9E1A62A-A282-48CE-B92F-BDB2B9330470}.Debug|Any CPU.ActiveCfg = Debug|Any CPU
		{A9E1A62A-A282-48CE-B92F-BDB2B9330470}.Debug|Any CPU.Build.0 = Debug|Any CPU
		{A9E1A62A-A282-48CE-B92F-BDB2B9330470}.Release|Any CPU.ActiveCfg = Release|Any CPU
		{A9E1A62A-A282-48CE-B92F-BDB2B9330470}.Release|Any CPU.Build.0 = Release|Any CPU
		{921AC93C-3B26-4B8F-B114-99D517BDC94A}.Debug|Any CPU.ActiveCfg = Debug|Any CPU
		{921AC93C-3B26-4B8F-B114-99D517BDC94A}.Debug|Any CPU.Build.0 = Debug|Any CPU
		{921AC93C-3B26-4B8F-B114-99D517BDC94A}.Release|Any CPU.ActiveCfg = Release|Any CPU
		{921AC93C-3B26-4B8F-B114-99D517BDC94A}.Release|Any CPU.Build.0 = Release|Any CPU
		{51D26C3E-1C70-43FA-BFC6-F8827B4A30B4}.Debug|Any CPU.ActiveCfg = Debug|Any CPU
		{51D26C3E-1C70-43FA-BFC6-F8827B4A30B4}.Debug|Any CPU.Build.0 = Debug|Any CPU
		{51D26C3E-1C70-43FA-BFC6-F8827B4A30B4}.Release|Any CPU.ActiveCfg = Release|Any CPU
		{51D26C3E-1C70-43FA-BFC6-F8827B4A30B4}.Release|Any CPU.Build.0 = Release|Any CPU
		{19CC007F-A723-49D5-94EF-D12B2E557281}.Debug|Any CPU.ActiveCfg = Debug|Any CPU
		{19CC007F-A723-49D5-94EF-D12B2E557281}.Debug|Any CPU.Build.0 = Debug|Any CPU
		{19CC007F-A723-49D5-94EF-D12B2E557281}.Release|Any CPU.ActiveCfg = Release|Any CPU
		{19CC007F-A723-49D5-94EF-D12B2E557281}.Release|Any CPU.Build.0 = Release|Any CPU
		{7FC668CC-8056-4B1C-BFBC-85569778B1FF}.Debug|Any CPU.ActiveCfg = Debug|Any CPU
		{7FC668CC-8056-4B1C-BFBC-85569778B1FF}.Debug|Any CPU.Build.0 = Debug|Any CPU
		{7FC668CC-8056-4B1C-BFBC-85569778B1FF}.Release|Any CPU.ActiveCfg = Release|Any CPU
		{7FC668CC-8056-4B1C-BFBC-85569778B1FF}.Release|Any CPU.Build.0 = Release|Any CPU
		{C34AC242-A2BD-4184-8145-8D17A7FC4AA5}.Debug|Any CPU.ActiveCfg = Debug|Any CPU
		{C34AC242-A2BD-4184-8145-8D17A7FC4AA5}.Debug|Any CPU.Build.0 = Debug|Any CPU
		{C34AC242-A2BD-4184-8145-8D17A7FC4AA5}.Release|Any CPU.ActiveCfg = Release|Any CPU
		{C34AC242-A2BD-4184-8145-8D17A7FC4AA5}.Release|Any CPU.Build.0 = Release|Any CPU
		{D0A2436D-3A4D-4D89-8C6C-6A3AE6733252}.Debug|Any CPU.ActiveCfg = Debug|Any CPU
		{D0A2436D-3A4D-4D89-8C6C-6A3AE6733252}.Debug|Any CPU.Build.0 = Debug|Any CPU
		{D0A2436D-3A4D-4D89-8C6C-6A3AE6733252}.Release|Any CPU.ActiveCfg = Release|Any CPU
		{D0A2436D-3A4D-4D89-8C6C-6A3AE6733252}.Release|Any CPU.Build.0 = Release|Any CPU
		{5A6EB034-1ABC-48EB-8DC7-C542D1C32EE4}.Debug|Any CPU.ActiveCfg = Debug|Any CPU
		{5A6EB034-1ABC-48EB-8DC7-C542D1C32EE4}.Debug|Any CPU.Build.0 = Debug|Any CPU
		{5A6EB034-1ABC-48EB-8DC7-C542D1C32EE4}.Release|Any CPU.ActiveCfg = Release|Any CPU
		{5A6EB034-1ABC-48EB-8DC7-C542D1C32EE4}.Release|Any CPU.Build.0 = Release|Any CPU
		{BD808B1B-4974-4A96-8D68-84F07DEB2EB8}.Debug|Any CPU.ActiveCfg = Debug|Any CPU
		{BD808B1B-4974-4A96-8D68-84F07DEB2EB8}.Debug|Any CPU.Build.0 = Debug|Any CPU
		{BD808B1B-4974-4A96-8D68-84F07DEB2EB8}.Release|Any CPU.ActiveCfg = Release|Any CPU
		{BD808B1B-4974-4A96-8D68-84F07DEB2EB8}.Release|Any CPU.Build.0 = Release|Any CPU
		{E4C0E36B-D290-4F05-A400-88B83E53DCBF}.Debug|Any CPU.ActiveCfg = Debug|Any CPU
		{E4C0E36B-D290-4F05-A400-88B83E53DCBF}.Debug|Any CPU.Build.0 = Debug|Any CPU
		{E4C0E36B-D290-4F05-A400-88B83E53DCBF}.Release|Any CPU.ActiveCfg = Release|Any CPU
		{E4C0E36B-D290-4F05-A400-88B83E53DCBF}.Release|Any CPU.Build.0 = Release|Any CPU
		{49F41029-6658-4C5F-B685-BBE2372C0F41}.Debug|Any CPU.ActiveCfg = Debug|Any CPU
		{49F41029-6658-4C5F-B685-BBE2372C0F41}.Debug|Any CPU.Build.0 = Debug|Any CPU
		{49F41029-6658-4C5F-B685-BBE2372C0F41}.Release|Any CPU.ActiveCfg = Release|Any CPU
		{49F41029-6658-4C5F-B685-BBE2372C0F41}.Release|Any CPU.Build.0 = Release|Any CPU
		{64DEB507-9EAC-4B82-86AC-39DD3E180F31}.Debug|Any CPU.ActiveCfg = Debug|Any CPU
		{64DEB507-9EAC-4B82-86AC-39DD3E180F31}.Debug|Any CPU.Build.0 = Debug|Any CPU
		{64DEB507-9EAC-4B82-86AC-39DD3E180F31}.Release|Any CPU.ActiveCfg = Release|Any CPU
		{64DEB507-9EAC-4B82-86AC-39DD3E180F31}.Release|Any CPU.Build.0 = Release|Any CPU
		{2C215157-7462-4A00-B902-B4494251436C}.Debug|Any CPU.ActiveCfg = Debug|Any CPU
		{2C215157-7462-4A00-B902-B4494251436C}.Debug|Any CPU.Build.0 = Debug|Any CPU
		{2C215157-7462-4A00-B902-B4494251436C}.Release|Any CPU.ActiveCfg = Release|Any CPU
		{2C215157-7462-4A00-B902-B4494251436C}.Release|Any CPU.Build.0 = Release|Any CPU
		{4A24830E-DB9D-4E8B-8272-8CB44B4910D7}.Debug|Any CPU.ActiveCfg = Debug|Any CPU
		{4A24830E-DB9D-4E8B-8272-8CB44B4910D7}.Debug|Any CPU.Build.0 = Debug|Any CPU
		{4A24830E-DB9D-4E8B-8272-8CB44B4910D7}.Release|Any CPU.ActiveCfg = Release|Any CPU
		{4A24830E-DB9D-4E8B-8272-8CB44B4910D7}.Release|Any CPU.Build.0 = Release|Any CPU
		{DF770466-7370-4D4B-BE93-31FF9B9F3FD3}.Debug|Any CPU.ActiveCfg = Debug|Any CPU
		{DF770466-7370-4D4B-BE93-31FF9B9F3FD3}.Debug|Any CPU.Build.0 = Debug|Any CPU
		{DF770466-7370-4D4B-BE93-31FF9B9F3FD3}.Release|Any CPU.ActiveCfg = Release|Any CPU
		{DF770466-7370-4D4B-BE93-31FF9B9F3FD3}.Release|Any CPU.Build.0 = Release|Any CPU
		{ABB416FA-201E-422C-BAB1-E86A7AFCE50D}.Debug|Any CPU.ActiveCfg = Debug|Any CPU
		{ABB416FA-201E-422C-BAB1-E86A7AFCE50D}.Debug|Any CPU.Build.0 = Debug|Any CPU
		{ABB416FA-201E-422C-BAB1-E86A7AFCE50D}.Release|Any CPU.ActiveCfg = Release|Any CPU
		{ABB416FA-201E-422C-BAB1-E86A7AFCE50D}.Release|Any CPU.Build.0 = Release|Any CPU
		{09BAC910-67BD-4C6B-8D47-84C1837927EB}.Debug|Any CPU.ActiveCfg = Debug|Any CPU
		{09BAC910-67BD-4C6B-8D47-84C1837927EB}.Debug|Any CPU.Build.0 = Debug|Any CPU
		{09BAC910-67BD-4C6B-8D47-84C1837927EB}.Release|Any CPU.ActiveCfg = Release|Any CPU
		{09BAC910-67BD-4C6B-8D47-84C1837927EB}.Release|Any CPU.Build.0 = Release|Any CPU
		{D47F5CBA-ED34-4733-AD01-C3B564BFFB93}.Debug|Any CPU.ActiveCfg = Debug|Any CPU
		{D47F5CBA-ED34-4733-AD01-C3B564BFFB93}.Debug|Any CPU.Build.0 = Debug|Any CPU
		{D47F5CBA-ED34-4733-AD01-C3B564BFFB93}.Release|Any CPU.ActiveCfg = Release|Any CPU
		{D47F5CBA-ED34-4733-AD01-C3B564BFFB93}.Release|Any CPU.Build.0 = Release|Any CPU
		{48307063-9F5F-48DA-A733-BD17B2075F6D}.Debug|Any CPU.ActiveCfg = Debug|Any CPU
		{48307063-9F5F-48DA-A733-BD17B2075F6D}.Debug|Any CPU.Build.0 = Debug|Any CPU
		{48307063-9F5F-48DA-A733-BD17B2075F6D}.Release|Any CPU.ActiveCfg = Release|Any CPU
		{48307063-9F5F-48DA-A733-BD17B2075F6D}.Release|Any CPU.Build.0 = Release|Any CPU
		{AE92CEA1-9262-42E7-BF8D-57B87C527EC4}.Debug|Any CPU.ActiveCfg = Debug|Any CPU
		{AE92CEA1-9262-42E7-BF8D-57B87C527EC4}.Debug|Any CPU.Build.0 = Debug|Any CPU
		{AE92CEA1-9262-42E7-BF8D-57B87C527EC4}.Release|Any CPU.ActiveCfg = Release|Any CPU
		{AE92CEA1-9262-42E7-BF8D-57B87C527EC4}.Release|Any CPU.Build.0 = Release|Any CPU
		{381A9269-7779-45E3-B188-8CD5F81DE31C}.Debug|Any CPU.ActiveCfg = Debug|Any CPU
		{381A9269-7779-45E3-B188-8CD5F81DE31C}.Debug|Any CPU.Build.0 = Debug|Any CPU
		{381A9269-7779-45E3-B188-8CD5F81DE31C}.Release|Any CPU.ActiveCfg = Release|Any CPU
		{381A9269-7779-45E3-B188-8CD5F81DE31C}.Release|Any CPU.Build.0 = Release|Any CPU
		{8B6789FA-8522-4846-B925-CE102335426C}.Debug|Any CPU.ActiveCfg = Debug|Any CPU
		{8B6789FA-8522-4846-B925-CE102335426C}.Debug|Any CPU.Build.0 = Debug|Any CPU
		{8B6789FA-8522-4846-B925-CE102335426C}.Release|Any CPU.ActiveCfg = Release|Any CPU
		{8B6789FA-8522-4846-B925-CE102335426C}.Release|Any CPU.Build.0 = Release|Any CPU
		{AA4EC65B-ACE7-452B-BDF1-CAE6521624AF}.Debug|Any CPU.ActiveCfg = Debug|Any CPU
		{AA4EC65B-ACE7-452B-BDF1-CAE6521624AF}.Debug|Any CPU.Build.0 = Debug|Any CPU
		{AA4EC65B-ACE7-452B-BDF1-CAE6521624AF}.Release|Any CPU.ActiveCfg = Release|Any CPU
		{AA4EC65B-ACE7-452B-BDF1-CAE6521624AF}.Release|Any CPU.Build.0 = Release|Any CPU
		{B37BC54B-AD67-4459-BECB-6DF25ABB8E48}.Debug|Any CPU.ActiveCfg = Debug|Any CPU
		{B37BC54B-AD67-4459-BECB-6DF25ABB8E48}.Debug|Any CPU.Build.0 = Debug|Any CPU
		{B37BC54B-AD67-4459-BECB-6DF25ABB8E48}.Release|Any CPU.ActiveCfg = Release|Any CPU
		{B37BC54B-AD67-4459-BECB-6DF25ABB8E48}.Release|Any CPU.Build.0 = Release|Any CPU
		{FB82B231-AB7A-4D3E-8DBD-36C1C6FB932D}.Debug|Any CPU.ActiveCfg = Debug|Any CPU
		{FB82B231-AB7A-4D3E-8DBD-36C1C6FB932D}.Debug|Any CPU.Build.0 = Debug|Any CPU
		{FB82B231-AB7A-4D3E-8DBD-36C1C6FB932D}.Release|Any CPU.ActiveCfg = Release|Any CPU
		{FB82B231-AB7A-4D3E-8DBD-36C1C6FB932D}.Release|Any CPU.Build.0 = Release|Any CPU
		{5CAA41C8-B2C5-4406-9D32-DA1615442C83}.Debug|Any CPU.ActiveCfg = Debug|Any CPU
		{5CAA41C8-B2C5-4406-9D32-DA1615442C83}.Debug|Any CPU.Build.0 = Debug|Any CPU
		{5CAA41C8-B2C5-4406-9D32-DA1615442C83}.Release|Any CPU.ActiveCfg = Release|Any CPU
		{5CAA41C8-B2C5-4406-9D32-DA1615442C83}.Release|Any CPU.Build.0 = Release|Any CPU
		{B6F14798-A3B1-4BA5-9AB5-D53AA584FA4B}.Debug|Any CPU.ActiveCfg = Debug|Any CPU
		{B6F14798-A3B1-4BA5-9AB5-D53AA584FA4B}.Debug|Any CPU.Build.0 = Debug|Any CPU
		{B6F14798-A3B1-4BA5-9AB5-D53AA584FA4B}.Release|Any CPU.ActiveCfg = Release|Any CPU
		{B6F14798-A3B1-4BA5-9AB5-D53AA584FA4B}.Release|Any CPU.Build.0 = Release|Any CPU
		{2ADDF25C-83C4-4C51-A9EB-870795173F8F}.Debug|Any CPU.ActiveCfg = Debug|Any CPU
		{2ADDF25C-83C4-4C51-A9EB-870795173F8F}.Debug|Any CPU.Build.0 = Debug|Any CPU
		{2ADDF25C-83C4-4C51-A9EB-870795173F8F}.Release|Any CPU.ActiveCfg = Release|Any CPU
		{2ADDF25C-83C4-4C51-A9EB-870795173F8F}.Release|Any CPU.Build.0 = Release|Any CPU
		{FC498ACC-7972-41C9-B7A7-D39F4BE2BB10}.Debug|Any CPU.ActiveCfg = Debug|Any CPU
		{FC498ACC-7972-41C9-B7A7-D39F4BE2BB10}.Debug|Any CPU.Build.0 = Debug|Any CPU
		{FC498ACC-7972-41C9-B7A7-D39F4BE2BB10}.Release|Any CPU.ActiveCfg = Release|Any CPU
		{FC498ACC-7972-41C9-B7A7-D39F4BE2BB10}.Release|Any CPU.Build.0 = Release|Any CPU
	EndGlobalSection
	GlobalSection(SolutionProperties) = preSolution
		HideSolutionNode = FALSE
	EndGlobalSection
EndGlobal
